
Microsoft Visual Studio Solution File, Format Version 12.00
# Visual Studio Version 17
VisualStudioVersion = 17.9.34622.214
MinimumVisualStudioVersion = 10.0.40219.1
Project("{FAE04EC0-301F-11D3-BF4B-00C04F79EFBC}") = "Hospital Mangement System", "Hospital Mangement System.csproj", "{FC6DA20E-1E5C-46DF-B68E-D2A4AD149394}"
EndProject
Global
	GlobalSection(SolutionConfigurationPlatforms) = preSolution
		Debug|Any CPU = Debug|Any CPU
		Release|Any CPU = Release|Any CPU
	EndGlobalSection
	GlobalSection(ProjectConfigurationPlatforms) = postSolution
		{FC6DA20E-1E5C-46DF-B68E-D2A4AD149394}.Debug|Any CPU.ActiveCfg = Debug|Any CPU
		{FC6DA20E-1E5C-46DF-B68E-D2A4AD149394}.Debug|Any CPU.Build.0 = Debug|Any CPU
		{FC6DA20E-1E5C-46DF-B68E-D2A4AD149394}.Release|Any CPU.ActiveCfg = Release|Any CPU
		{FC6DA20E-1E5C-46DF-B68E-D2A4AD149394}.Release|Any CPU.Build.0 = Release|Any CPU
	EndGlobalSection
	GlobalSection(SolutionProperties) = preSolution
		HideSolutionNode = FALSE
	EndGlobalSection
	GlobalSection(ExtensibilityGlobals) = postSolution
		SolutionGuid = {65A7DBFA-3B33-4A85-99A4-3FF8753339D1}
	EndGlobalSection
EndGlobal
